# THIS IS AN AUTOGENERATED FILE. DO NOT EDIT THIS FILE DIRECTLY.
# yarn lockfile v1


axios@^0.20.0:
  version "0.20.0"
  resolved "https://registry.yarnpkg.com/axios/-/axios-0.20.0.tgz#057ba30f04884694993a8cd07fa394cff11c50bd"
  integrity sha512-ANA4rr2BDcmmAQLOKft2fufrtuvlqR+cXNNinUmvfeSNCOF98PZL+7M/v1zIdGo7OLjEA9J2gXJL+j4zGsl0bA==
  dependencies:
    follow-redirects "^1.10.0"

follow-redirects@^1.10.0:
  version "1.13.0"
  resolved "https://registry.yarnpkg.com/follow-redirects/-/follow-redirects-1.13.0.tgz#b42e8d93a2a7eea5ed88633676d6597bc8e384db"
  integrity sha512-aq6gF1BEKje4a9i9+5jimNFIpq4Q1WiwBToeRK5NvZBd/TRsmW8BsJfOEGkr76TbOyPVD3OVDN910EcUNtRYEA==

hybrid-crypto-js@^0.2.3:
  version "0.2.3"
  resolved "https://registry.yarnpkg.com/hybrid-crypto-js/-/hybrid-crypto-js-0.2.3.tgz#a81cb8bf0b67a82e0797d46431658b69fb6e7ee9"
  integrity sha512-46L7kQT/xvXMUX2Zng6aENOl2tQQJafQdsl5YCq49kiilbu3ZFGf4gmAOsy8rtXPC825v6iXoIv4eV77jo0fPg==
  dependencies:
    node-forge "^0.8.5"

jsrsasign@^9.0.1:
  version "9.0.1"
  resolved "https://registry.yarnpkg.com/jsrsasign/-/jsrsasign-9.0.1.tgz#ef62b757eace3b2127142adaba7a3c26e2487307"
  integrity sha512-DRPZ75Y+G0O1zWKQkevkr0ENBYl7nb39/112lXzBgzoaeiUkGXpRfk+FbRCusowG6MvpInOwEmZ3IWU9VI4w3w==

node-forge@^0.8.5:
  version "0.8.5"
  resolved "https://registry.yarnpkg.com/node-forge/-/node-forge-0.8.5.tgz#57906f07614dc72762c84cef442f427c0e1b86ee"
  integrity sha512-vFMQIWt+J/7FLNyKouZ9TazT74PRV3wgv9UT4cRjC8BffxFbKXkgIWR42URCPSnHm/QDz6BOlb2Q0U4+VQT67Q==
