# THIS IS AN AUTOGENERATED FILE. DO NOT EDIT THIS FILE DIRECTLY.
# yarn lockfile v1


axios@^0.20.0:
  version "0.20.0"
  resolved "https://registry.yarnpkg.com/axios/-/axios-0.20.0.tgz#057ba30f04884694993a8cd07fa394cff11c50bd"
  integrity sha512-ANA4rr2BDcmmAQLOKft2fufrtuvlqR+cXNNinUmvfeSNCOF98PZL+7M/v1zIdGo7OLjEA9J2gXJL+j4zGsl0bA==
  dependencies:
    follow-redirects "^1.10.0"

follow-redirects@^1.10.0:
  version "1.13.0"
  resolved "https://registry.yarnpkg.com/follow-redirects/-/follow-redirects-1.13.0.tgz#b42e8d93a2a7eea5ed88633676d6597bc8e384db"
  integrity sha512-aq6gF1BEKje4a9i9+5jimNFIpq4Q1WiwBToeRK5NvZBd/TRsmW8BsJfOEGkr76TbOyPVD3OVDN910EcUNtRYEA==

hybrid-crypto-js@^0.2.3:
  version "0.2.4"
  resolved "https://registry.yarnpkg.com/hybrid-crypto-js/-/hybrid-crypto-js-0.2.4.tgz#7e764a6c4c7542e84df368df9e84fd76ab7043a1"
  integrity sha512-lm4iQn14rApw/7yLOnd9eZu8JaxD8+BB34bQaZY7faKiT78tVjxSwOabOPO2LSIS0QMANhjMXNLNUXyuAJwYXw==
  dependencies:
    node-forge "^0.8.5"

jsrsasign@^9.0.1:
  version "9.1.9"
  resolved "https://registry.yarnpkg.com/jsrsasign/-/jsrsasign-9.1.9.tgz#62f44eb2766264f0bfaffd87b8ade05ee4563347"
  integrity sha512-BMajAcUANeo07/MnscMAsHJtddYtqN/ix4twr+dOheHc5KH/Ad06bI6YfUB2M7ZQhqxvt9pbVWFXYQXe6G+yXw==

node-forge@^0.10.0, node-forge@^0.8.5:
  version "0.10.0"
  resolved "https://registry.yarnpkg.com/node-forge/-/node-forge-0.10.0.tgz#32dea2afb3e9926f02ee5ce8794902691a676bf3"
  integrity sha512-PPmu8eEeG9saEUvI97fm4OYxXVB6bFvyNTyiUOBichBpFG8A1Ljw3bY62+5oOjDEMHRnd0Y7HQ+x7uzxOzC6JA==
